
Microsoft Visual Studio Solution File, Format Version 12.00
# Visual Studio 15
VisualStudioVersion = 15.0.28307.136
MinimumVisualStudioVersion = 10.0.40219.1
Project("{FAE04EC0-301F-11D3-BF4B-00C04F79EFBC}") = "WindowsFormsApp1", "WindowsFormsApp1\WindowsFormsApp1.csproj", "{85F5944C-2BB8-4043-82F0-CC37547E8F65}"
EndProject
Global
	GlobalSection(SolutionConfigurationPlatforms) = preSolution
		Debug|Any CPU = Debug|Any CPU
		Release|Any CPU = Release|Any CPU
	EndGlobalSection
	GlobalSection(ProjectConfigurationPlatforms) = postSolution
		{85F5944C-2BB8-4043-82F0-CC37547E8F65}.Debug|Any CPU.ActiveCfg = Debug|Any CPU
		{85F5944C-2BB8-4043-82F0-CC37547E8F65}.Debug|Any CPU.Build.0 = Debug|Any CPU
		{85F5944C-2BB8-4043-82F0-CC37547E8F65}.Release|Any CPU.ActiveCfg = Release|Any CPU
		{85F5944C-2BB8-4043-82F0-CC37547E8F65}.Release|Any CPU.Build.0 = Release|Any CPU
	EndGlobalSection
	GlobalSection(SolutionProperties) = preSolution
		HideSolutionNode = FALSE
	EndGlobalSection
	GlobalSection(ExtensibilityGlobals) = postSolution
		SolutionGuid = {D3E67DEC-1CBA-4F7D-9595-00A93779193F}
	EndGlobalSection
EndGlobal
